
Microsoft Visual Studio Solution File, Format Version 12.00
# Visual Studio Version 17
VisualStudioVersion = 17.4.33213.308
MinimumVisualStudioVersion = 10.0.40219.1
Project("{FAE04EC0-301F-11D3-BF4B-00C04F79EFBC}") = "bmim2214_lab2", "bmim2214_lab2.csproj", "{03AD1E37-648F-4E38-A882-59DB54E6C499}"
EndProject
Global
	GlobalSection(SolutionConfigurationPlatforms) = preSolution
		Debug|Any CPU = Debug|Any CPU
		Release|Any CPU = Release|Any CPU
	EndGlobalSection
	GlobalSection(ProjectConfigurationPlatforms) = postSolution
		{03AD1E37-648F-4E38-A882-59DB54E6C499}.Debug|Any CPU.ActiveCfg = Debug|Any CPU
		{03AD1E37-648F-4E38-A882-59DB54E6C499}.Debug|Any CPU.Build.0 = Debug|Any CPU
		{03AD1E37-648F-4E38-A882-59DB54E6C499}.Release|Any CPU.ActiveCfg = Release|Any CPU
		{03AD1E37-648F-4E38-A882-59DB54E6C499}.Release|Any CPU.Build.0 = Release|Any CPU
	EndGlobalSection
	GlobalSection(SolutionProperties) = preSolution
		HideSolutionNode = FALSE
	EndGlobalSection
	GlobalSection(ExtensibilityGlobals) = postSolution
		SolutionGuid = {F993B86F-8C87-4530-B215-013CC3E57758}
	EndGlobalSection
EndGlobal
